// !$*UTF8*$!
{
	archiveVersion = 1;
	classes = {
	};
	objectVersion = 46;
	objects = {

/* Begin PBXBuildFile section */
		153B37A31B0C8D6E006F0692 /* AppDelegate.swift in Sources */ = {isa = PBXBuildFile; fileRef = 153B37A21B0C8D6E006F0692 /* AppDelegate.swift */; };
		153B37A51B0C8D6E006F0692 /* ViewController.swift in Sources */ = {isa = PBXBuildFile; fileRef = 153B37A41B0C8D6E006F0692 /* ViewController.swift */; };
		153B37A81B0C8D6E006F0692 /* Main.storyboard in Resources */ = {isa = PBXBuildFile; fileRef = 153B37A61B0C8D6E006F0692 /* Main.storyboard */; };
		153B37AA1B0C8D6E006F0692 /* Images.xcassets in Resources */ = {isa = PBXBuildFile; fileRef = 153B37A91B0C8D6E006F0692 /* Images.xcassets */; };
		153B37AD1B0C8D6E006F0692 /* LaunchScreen.xib in Resources */ = {isa = PBXBuildFile; fileRef = 153B37AB1B0C8D6E006F0692 /* LaunchScreen.xib */; };
		153B37B91B0C8D6F006F0692 /* dropboxSwiftSDKTests.swift in Sources */ = {isa = PBXBuildFile; fileRef = 153B37B81B0C8D6F006F0692 /* dropboxSwiftSDKTests.swift */; };
		352EEEC66CCB6AB742E330EE /* Pods.framework in Frameworks */ = {isa = PBXBuildFile; fileRef = 06AA5129F3140B0D3E5A23A8 /* Pods.framework */; settings = {ATTRIBUTES = (Weak, ); }; };
/* End PBXBuildFile section */

/* Begin PBXContainerItemProxy section */
		153B37B31B0C8D6F006F0692 /* PBXContainerItemProxy */ = {
			isa = PBXContainerItemProxy;
			containerPortal = 153B37951B0C8D6E006F0692 /* Project object */;
			proxyType = 1;
			remoteGlobalIDString = 153B379C1B0C8D6E006F0692;
			remoteInfo = dropboxSwiftSDK;
		};
/* End PBXContainerItemProxy section */

/* Begin PBXFileReference section */
		06AA5129F3140B0D3E5A23A8 /* Pods.framework */ = {isa = PBXFileReference; explicitFileType = wrapper.framework; includeInIndex = 0; path = Pods.framework; sourceTree = BUILT_PRODUCTS_DIR; };
		153B379D1B0C8D6E006F0692 /* dropboxSwiftSDK.app */ = {isa = PBXFileReference; explicitFileType = wrapper.application; includeInIndex = 0; path = dropboxSwiftSDK.app; sourceTree = BUILT_PRODUCTS_DIR; };
		153B37A11B0C8D6E006F0692 /* Info.plist */ = {isa = PBXFileReference; lastKnownFileType = text.plist.xml; path = Info.plist; sourceTree = "<group>"; };
		153B37A21B0C8D6E006F0692 /* AppDelegate.swift */ = {isa = PBXFileReference; lastKnownFileType = sourcecode.swift; path = AppDelegate.swift; sourceTree = "<group>"; };
		153B37A41B0C8D6E006F0692 /* ViewController.swift */ = {isa = PBXFileReference; lastKnownFileType = sourcecode.swift; path = ViewController.swift; sourceTree = "<group>"; };
		153B37A71B0C8D6E006F0692 /* Base */ = {isa = PBXFileReference; lastKnownFileType = file.storyboard; name = Base; path = Base.lproj/Main.storyboard; sourceTree = "<group>"; };
		153B37A91B0C8D6E006F0692 /* Images.xcassets */ = {isa = PBXFileReference; lastKnownFileType = folder.assetcatalog; path = Images.xcassets; sourceTree = "<group>"; };
		153B37AC1B0C8D6E006F0692 /* Base */ = {isa = PBXFileReference; lastKnownFileType = file.xib; name = Base; path = Base.lproj/LaunchScreen.xib; sourceTree = "<group>"; };
		153B37B21B0C8D6F006F0692 /* dropboxSwiftSDKTests.xctest */ = {isa = PBXFileReference; explicitFileType = wrapper.cfbundle; includeInIndex = 0; path = dropboxSwiftSDKTests.xctest; sourceTree = BUILT_PRODUCTS_DIR; };
		153B37B71B0C8D6F006F0692 /* Info.plist */ = {isa = PBXFileReference; lastKnownFileType = text.plist.xml; path = Info.plist; sourceTree = "<group>"; };
		153B37B81B0C8D6F006F0692 /* dropboxSwiftSDKTests.swift */ = {isa = PBXFileReference; lastKnownFileType = sourcecode.swift; path = dropboxSwiftSDKTests.swift; sourceTree = "<group>"; };
		5E621B08A8053E082F60576E /* Pods.debug.xcconfig */ = {isa = PBXFileReference; includeInIndex = 1; lastKnownFileType = text.xcconfig; name = Pods.debug.xcconfig; path = "Pods/Target Support Files/Pods/Pods.debug.xcconfig"; sourceTree = "<group>"; };
		8A1CD5CEFD274FD418014B51 /* Pods.release.xcconfig */ = {isa = PBXFileReference; includeInIndex = 1; lastKnownFileType = text.xcconfig; name = Pods.release.xcconfig; path = "Pods/Target Support Files/Pods/Pods.release.xcconfig"; sourceTree = "<group>"; };
/* End PBXFileReference section */

/* Begin PBXFrameworksBuildPhase section */
		153B379A1B0C8D6E006F0692 /* Frameworks */ = {
			isa = PBXFrameworksBuildPhase;
			buildActionMask = 2147483647;
			files = (
				352EEEC66CCB6AB742E330EE /* Pods.framework in Frameworks */,
			);
			runOnlyForDeploymentPostprocessing = 0;
		};
		153B37AF1B0C8D6F006F0692 /* Frameworks */ = {
			isa = PBXFrameworksBuildPhase;
			buildActionMask = 2147483647;
			files = (
			);
			runOnlyForDeploymentPostprocessing = 0;
		};
/* End PBXFrameworksBuildPhase section */

/* Begin PBXGroup section */
		056D3A59AC652E7C057CF357 /* Frameworks */ = {
			isa = PBXGroup;
			children = (
				06AA5129F3140B0D3E5A23A8 /* Pods.framework */,
			);
			name = Frameworks;
			sourceTree = "<group>";
		};
		153B37941B0C8D6E006F0692 = {
			isa = PBXGroup;
			children = (
				153B379F1B0C8D6E006F0692 /* dropboxSwiftSDK */,
				153B37B51B0C8D6F006F0692 /* dropboxSwiftSDKTests */,
				153B379E1B0C8D6E006F0692 /* Products */,
				AACB48AA7B86A059FF5D4F96 /* Pods */,
				056D3A59AC652E7C057CF357 /* Frameworks */,
			);
			sourceTree = "<group>";
		};
		153B379E1B0C8D6E006F0692 /* Products */ = {
			isa = PBXGroup;
			children = (
				153B379D1B0C8D6E006F0692 /* dropboxSwiftSDK.app */,
				153B37B21B0C8D6F006F0692 /* dropboxSwiftSDKTests.xctest */,
			);
			name = Products;
			sourceTree = "<group>";
		};
		153B379F1B0C8D6E006F0692 /* dropboxSwiftSDK */ = {
			isa = PBXGroup;
			children = (
				153B37A21B0C8D6E006F0692 /* AppDelegate.swift */,
				153B37A41B0C8D6E006F0692 /* ViewController.swift */,
				153B37A61B0C8D6E006F0692 /* Main.storyboard */,
				153B37A91B0C8D6E006F0692 /* Images.xcassets */,
				153B37AB1B0C8D6E006F0692 /* LaunchScreen.xib */,
				153B37A01B0C8D6E006F0692 /* Supporting Files */,
			);
			path = dropboxSwiftSDK;
			sourceTree = "<group>";
		};
		153B37A01B0C8D6E006F0692 /* Supporting Files */ = {
			isa = PBXGroup;
			children = (
				153B37A11B0C8D6E006F0692 /* Info.plist */,
			);
			name = "Supporting Files";
			sourceTree = "<group>";
		};
		153B37B51B0C8D6F006F0692 /* dropboxSwiftSDKTests */ = {
			isa = PBXGroup;
			children = (
				153B37B81B0C8D6F006F0692 /* dropboxSwiftSDKTests.swift */,
				153B37B61B0C8D6F006F0692 /* Supporting Files */,
			);
			path = dropboxSwiftSDKTests;
			sourceTree = "<group>";
		};
		153B37B61B0C8D6F006F0692 /* Supporting Files */ = {
			isa = PBXGroup;
			children = (
				153B37B71B0C8D6F006F0692 /* Info.plist */,
			);
			name = "Supporting Files";
			sourceTree = "<group>";
		};
		AACB48AA7B86A059FF5D4F96 /* Pods */ = {
			isa = PBXGroup;
			children = (
				5E621B08A8053E082F60576E /* Pods.debug.xcconfig */,
				8A1CD5CEFD274FD418014B51 /* Pods.release.xcconfig */,
			);
			name = Pods;
			sourceTree = "<group>";
		};
/* End PBXGroup section */

/* Begin PBXNativeTarget section */
		153B379C1B0C8D6E006F0692 /* dropboxSwiftSDK */ = {
			isa = PBXNativeTarget;
			buildConfigurationList = 153B37BC1B0C8D6F006F0692 /* Build configuration list for PBXNativeTarget "dropboxSwiftSDK" */;
			buildPhases = (
				72532699270D4CA36B398AC7 /* Check Pods Manifest.lock */,
				153B37991B0C8D6E006F0692 /* Sources */,
				153B379A1B0C8D6E006F0692 /* Frameworks */,
				153B379B1B0C8D6E006F0692 /* Resources */,
				A5D2772BC01CAC54EB9964B8 /* Embed Pods Frameworks */,
				140D87D63C6345FBC10159B9 /* Copy Pods Resources */,
			);
			buildRules = (
			);
			dependencies = (
			);
			name = dropboxSwiftSDK;
			productName = dropboxSwiftSDK;
			productReference = 153B379D1B0C8D6E006F0692 /* dropboxSwiftSDK.app */;
			productType = "com.apple.product-type.application";
		};
		153B37B11B0C8D6F006F0692 /* dropboxSwiftSDKTests */ = {
			isa = PBXNativeTarget;
			buildConfigurationList = 153B37BF1B0C8D6F006F0692 /* Build configuration list for PBXNativeTarget "dropboxSwiftSDKTests" */;
			buildPhases = (
				153B37AE1B0C8D6F006F0692 /* Sources */,
				153B37AF1B0C8D6F006F0692 /* Frameworks */,
				153B37B01B0C8D6F006F0692 /* Resources */,
			);
			buildRules = (
			);
			dependencies = (
				153B37B41B0C8D6F006F0692 /* PBXTargetDependency */,
			);
			name = dropboxSwiftSDKTests;
			productName = dropboxSwiftSDKTests;
			productReference = 153B37B21B0C8D6F006F0692 /* dropboxSwiftSDKTests.xctest */;
			productType = "com.apple.product-type.bundle.unit-test";
		};
/* End PBXNativeTarget section */

/* Begin PBXProject section */
		153B37951B0C8D6E006F0692 /* Project object */ = {
			isa = PBXProject;
			attributes = {
				LastUpgradeCheck = 0630;
				ORGANIZATIONNAME = "Chad Duffey";
				TargetAttributes = {
					153B379C1B0C8D6E006F0692 = {
						CreatedOnToolsVersion = 6.3.1;
					};
					153B37B11B0C8D6F006F0692 = {
						CreatedOnToolsVersion = 6.3.1;
						TestTargetID = 153B379C1B0C8D6E006F0692;
					};
				};
			};
			buildConfigurationList = 153B37981B0C8D6E006F0692 /* Build configuration list for PBXProject "dropboxSwiftSDK" */;
			compatibilityVersion = "Xcode 3.2";
			developmentRegion = English;
			hasScannedForEncodings = 0;
			knownRegions = (
				en,
				Base,
			);
			mainGroup = 153B37941B0C8D6E006F0692;
			productRefGroup = 153B379E1B0C8D6E006F0692 /* Products */;
			projectDirPath = "";
			projectRoot = "";
			targets = (
				153B379C1B0C8D6E006F0692 /* dropboxSwiftSDK */,
				153B37B11B0C8D6F006F0692 /* dropboxSwiftSDKTests */,
			);
		};
/* End PBXProject section */

/* Begin PBXResourcesBuildPhase section */
		153B379B1B0C8D6E006F0692 /* Resources */ = {
			isa = PBXResourcesBuildPhase;
			buildActionMask = 2147483647;
			files = (
				153B37A81B0C8D6E006F0692 /* Main.storyboard in Resources */,
				153B37AD1B0C8D6E006F0692 /* LaunchScreen.xib in Resources */,
				153B37AA1B0C8D6E006F0692 /* Images.xcassets in Resources */,
			);
			runOnlyForDeploymentPostprocessing = 0;
		};
		153B37B01B0C8D6F006F0692 /* Resources */ = {
			isa = PBXResourcesBuildPhase;
			buildActionMask = 2147483647;
			files = (
			);
			runOnlyForDeploymentPostprocessing = 0;
		};
/* End PBXResourcesBuildPhase section */

/* Begin PBXShellScriptBuildPhase section */
		140D87D63C6345FBC10159B9 /* Copy Pods Resources */ = {
			isa = PBXShellScriptBuildPhase;
			buildActionMask = 2147483647;
			files = (
			);
			inputPaths = (
			);
			name = "Copy Pods Resources";
			outputPaths = (
			);
			runOnlyForDeploymentPostprocessing = 0;
			shellPath = /bin/sh;
			shellScript = "\"${SRCROOT}/Pods/Target Support Files/Pods/Pods-resources.sh\"\n";
			showEnvVarsInLog = 0;
		};
		72532699270D4CA36B398AC7 /* Check Pods Manifest.lock */ = {
			isa = PBXShellScriptBuildPhase;
			buildActionMask = 2147483647;
			files = (
			);
			inputPaths = (
			);
			name = "Check Pods Manifest.lock";
			outputPaths = (
			);
			runOnlyForDeploymentPostprocessing = 0;
			shellPath = /bin/sh;
			shellScript = "diff \"${PODS_ROOT}/../Podfile.lock\" \"${PODS_ROOT}/Manifest.lock\" > /dev/null\nif [[ $? != 0 ]] ; then\n    cat << EOM\nerror: The sandbox is not in sync with the Podfile.lock. Run 'pod install' or update your CocoaPods installation.\nEOM\n    exit 1\nfi\n";
			showEnvVarsInLog = 0;
		};
		A5D2772BC01CAC54EB9964B8 /* Embed Pods Frameworks */ = {
			isa = PBXShellScriptBuildPhase;
			buildActionMask = 2147483647;
			files = (
			);
			inputPaths = (
			);
			name = "Embed Pods Frameworks";
			outputPaths = (
			);
			runOnlyForDeploymentPostprocessing = 0;
			shellPath = /bin/sh;
			shellScript = "\"${SRCROOT}/Pods/Target Support Files/Pods/Pods-frameworks.sh\"\n";
			showEnvVarsInLog = 0;
		};
/* End PBXShellScriptBuildPhase section */

/* Begin PBXSourcesBuildPhase section */
		153B37991B0C8D6E006F0692 /* Sources */ = {
			isa = PBXSourcesBuildPhase;
			buildActionMask = 2147483647;
			files = (
				153B37A51B0C8D6E006F0692 /* ViewController.swift in Sources */,
				153B37A31B0C8D6E006F0692 /* AppDelegate.swift in Sources */,
			);
			runOnlyForDeploymentPostprocessing = 0;
		};
		153B37AE1B0C8D6F006F0692 /* Sources */ = {
			isa = PBXSourcesBuildPhase;
			buildActionMask = 2147483647;
			files = (
				153B37B91B0C8D6F006F0692 /* dropboxSwiftSDKTests.swift in Sources */,
			);
			runOnlyForDeploymentPostprocessing = 0;
		};
/* End PBXSourcesBuildPhase section */

/* Begin PBXTargetDependency section */
		153B37B41B0C8D6F006F0692 /* PBXTargetDependency */ = {
			isa = PBXTargetDependency;
			target = 153B379C1B0C8D6E006F0692 /* dropboxSwiftSDK */;
			targetProxy = 153B37B31B0C8D6F006F0692 /* PBXContainerItemProxy */;
		};
/* End PBXTargetDependency section */

/* Begin PBXVariantGroup section */
		153B37A61B0C8D6E006F0692 /* Main.storyboard */ = {
			isa = PBXVariantGroup;
			children = (
				153B37A71B0C8D6E006F0692 /* Base */,
			);
			name = Main.storyboard;
			sourceTree = "<group>";
		};
		153B37AB1B0C8D6E006F0692 /* LaunchScreen.xib */ = {
			isa = PBXVariantGroup;
			children = (
				153B37AC1B0C8D6E006F0692 /* Base */,
			);
			name = LaunchScreen.xib;
			sourceTree = "<group>";
		};
/* End PBXVariantGroup section */

/* Begin XCBuildConfiguration section */
		153B37BA1B0C8D6F006F0692 /* Debug */ = {
			isa = XCBuildConfiguration;
			buildSettings = {
				ALWAYS_SEARCH_USER_PATHS = NO;
				CLANG_CXX_LANGUAGE_STANDARD = "gnu++0x";
				CLANG_CXX_LIBRARY = "libc++";
				CLANG_ENABLE_MODULES = YES;
				CLANG_ENABLE_OBJC_ARC = YES;
				CLANG_WARN_BOOL_CONVERSION = YES;
				CLANG_WARN_CONSTANT_CONVERSION = YES;
				CLANG_WARN_DIRECT_OBJC_ISA_USAGE = YES_ERROR;
				CLANG_WARN_EMPTY_BODY = YES;
				CLANG_WARN_ENUM_CONVERSION = YES;
				CLANG_WARN_INT_CONVERSION = YES;
				CLANG_WARN_OBJC_ROOT_CLASS = YES_ERROR;
				CLANG_WARN_UNREACHABLE_CODE = YES;
				CLANG_WARN__DUPLICATE_METHOD_MATCH = YES;
				"CODE_SIGN_IDENTITY[sdk=iphoneos*]" = "iPhone Developer";
				COPY_PHASE_STRIP = NO;
				DEBUG_INFORMATION_FORMAT = "dwarf-with-dsym";
				ENABLE_STRICT_OBJC_MSGSEND = YES;
				GCC_C_LANGUAGE_STANDARD = gnu99;
				GCC_DYNAMIC_NO_PIC = NO;
				GCC_NO_COMMON_BLOCKS = YES;
				GCC_OPTIMIZATION_LEVEL = 0;
				GCC_PREPROCESSOR_DEFINITIONS = (
					"DEBUG=1",
					"$(inherited)",
				);
				GCC_SYMBOLS_PRIVATE_EXTERN = NO;
				GCC_WARN_64_TO_32_BIT_CONVERSION = YES;
				GCC_WARN_ABOUT_RETURN_TYPE = YES_ERROR;
				GCC_WARN_UNDECLARED_SELECTOR = YES;
				GCC_WARN_UNINITIALIZED_AUTOS = YES_AGGRESSIVE;
				GCC_WARN_UNUSED_FUNCTION = YES;
				GCC_WARN_UNUSED_VARIABLE = YES;
				IPHONEOS_DEPLOYMENT_TARGET = 8.3;
				MTL_ENABLE_DEBUG_INFO = YES;
				ONLY_ACTIVE_ARCH = YES;
				SDKROOT = iphoneos;
				SWIFT_OPTIMIZATION_LEVEL = "-Onone";
			};
			name = Debug;
		};
		153B37BB1B0C8D6F006F0692 /* Release */ = {
			isa = XCBuildConfiguration;
			buildSettings = {
				ALWAYS_SEARCH_USER_PATHS = NO;
				CLANG_CXX_LANGUAGE_STANDARD = "gnu++0x";
				CLANG_CXX_LIBRARY = "libc++";
				CLANG_ENABLE_MODULES = YES;
				CLANG_ENABLE_OBJC_ARC = YES;
				CLANG_WARN_BOOL_CONVERSION = YES;
				CLANG_WARN_CONSTANT_CONVERSION = YES;
				CLANG_WARN_DIRECT_OBJC_ISA_USAGE = YES_ERROR;
				CLANG_WARN_EMPTY_BODY = YES;
				CLANG_WARN_ENUM_CONVERSION = YES;
				CLANG_WARN_INT_CONVERSION = YES;
				CLANG_WARN_OBJC_ROOT_CLASS = YES_ERROR;
				CLANG_WARN_UNREACHABLE_CODE = YES;
				CLANG_WARN__DUPLICATE_METHOD_MATCH = YES;
				"CODE_SIGN_IDENTITY[sdk=iphoneos*]" = "iPhone Developer";
				COPY_PHASE_STRIP = NO;
				DEBUG_INFORMATION_FORMAT = "dwarf-with-dsym";
				ENABLE_NS_ASSERTIONS = NO;
				ENABLE_STRICT_OBJC_MSGSEND = YES;
				GCC_C_LANGUAGE_STANDARD = gnu99;
				GCC_NO_COMMON_BLOCKS = YES;
				GCC_WARN_64_TO_32_BIT_CONVERSION = YES;
				GCC_WARN_ABOUT_RETURN_TYPE = YES_ERROR;
				GCC_WARN_UNDECLARED_SELECTOR = YES;
				GCC_WARN_UNINITIALIZED_AUTOS = YES_AGGRESSIVE;
				GCC_WARN_UNUSED_FUNCTION = YES;
				GCC_WARN_UNUSED_VARIABLE = YES;
				IPHONEOS_DEPLOYMENT_TARGET = 8.3;
				MTL_ENABLE_DEBUG_INFO = NO;
				SDKROOT = iphoneos;
				VALIDATE_PRODUCT = YES;
			};
			name = Release;
		};
		153B37BD1B0C8D6F006F0692 /* Debug */ = {
			isa = XCBuildConfiguration;
			baseConfigurationReference = 5E621B08A8053E082F60576E /* Pods.debug.xcconfig */;
			buildSettings = {
				ASSETCATALOG_COMPILER_APPICON_NAME = AppIcon;
				INFOPLIST_FILE = dropboxSwiftSDK/Info.plist;
				LD_RUNPATH_SEARCH_PATHS = "$(inherited) @executable_path/Frameworks";
				PRODUCT_NAME = "$(TARGET_NAME)";
			};
			name = Debug;
		};
		153B37BE1B0C8D6F006F0692 /* Release */ = {
			isa = XCBuildConfiguration;
			baseConfigurationReference = 8A1CD5CEFD274FD418014B51 /* Pods.release.xcconfig */;
			buildSettings = {
				ASSETCATALOG_COMPILER_APPICON_NAME = AppIcon;
				INFOPLIST_FILE = dropboxSwiftSDK/Info.plist;
				LD_RUNPATH_SEARCH_PATHS = "$(inherited) @executable_path/Frameworks";
				PRODUCT_NAME = "$(TARGET_NAME)";
			};
			name = Release;
		};
		153B37C01B0C8D6F006F0692 /* Debug */ = {
			isa = XCBuildConfiguration;
			buildSettings = {
				BUNDLE_LOADER = "$(TEST_HOST)";
				FRAMEWORK_SEARCH_PATHS = (
					"$(SDKROOT)/Developer/Library/Frameworks",
					"$(inherited)",
				);
				GCC_PREPROCESSOR_DEFINITIONS = (
					"DEBUG=1",
					"$(inherited)",
				);
				INFOPLIST_FILE = dropboxSwiftSDKTests/Info.plist;
				LD_RUNPATH_SEARCH_PATHS = "$(inherited) @executable_path/Frameworks @loader_path/Frameworks";
				PRODUCT_NAME = "$(TARGET_NAME)";
				TEST_HOST = "$(BUILT_PRODUCTS_DIR)/dropboxSwiftSDK.app/dropboxSwiftSDK";
			};
			name = Debug;
		};
		153B37C11B0C8D6F006F0692 /* Release */ = {
			isa = XCBuildConfiguration;
			buildSettings = {
				BUNDLE_LOADER = "$(TEST_HOST)";
				FRAMEWORK_SEARCH_PATHS = (
					"$(SDKROOT)/Developer/Library/Frameworks",
					"$(inherited)",
				);
				INFOPLIST_FILE = dropboxSwiftSDKTests/Info.plist;
				LD_RUNPATH_SEARCH_PATHS = "$(inherited) @executable_path/Frameworks @loader_path/Frameworks";
				PRODUCT_NAME = "$(TARGET_NAME)";
				TEST_HOST = "$(BUILT_PRODUCTS_DIR)/dropboxSwiftSDK.app/dropboxSwiftSDK";
			};
			name = Release;
		};
/* End XCBuildConfiguration section */

/* Begin XCConfigurationList section */
		153B37981B0C8D6E006F0692 /* Build configuration list for PBXProject "dropboxSwiftSDK" */ = {
			isa = XCConfigurationList;
			buildConfigurations = (
				153B37BA1B0C8D6F006F0692 /* Debug */,
				153B37BB1B0C8D6F006F0692 /* Release */,
			);
			defaultConfigurationIsVisible = 0;
			defaultConfigurationName = Release;
		};
		153B37BC1B0C8D6F006F0692 /* Build configuration list for PBXNativeTarget "dropboxSwiftSDK" */ = {
			isa = XCConfigurationList;
			buildConfigurations = (
				153B37BD1B0C8D6F006F0692 /* Debug */,
				153B37BE1B0C8D6F006F0692 /* Release */,
			);
			defaultConfigurationIsVisible = 0;
			defaultConfigurationName = Release;
		};
		153B37BF1B0C8D6F006F0692 /* Build configuration list for PBXNativeTarget "dropboxSwiftSDKTests" */ = {
			isa = XCConfigurationList;
			buildConfigurations = (
				153B37C01B0C8D6F006F0692 /* Debug */,
				153B37C11B0C8D6F006F0692 /* Release */,
			);
			defaultConfigurationIsVisible = 0;
			defaultConfigurationName = Release;
		};
/* End XCConfigurationList section */
	};
	rootObject = 153B37951B0C8D6E006F0692 /* Project object */;
}
